
Microsoft Visual Studio Solution File, Format Version 12.00
# Visual Studio Version 17
VisualStudioVersion = 17.3.32825.248
MinimumVisualStudioVersion = 10.0.40219.1
Project("{9A19103F-16F7-4668-BE54-9A1E7A4F7556}") = "RM_Warehouse", "RM_Warehouse\RM_Warehouse.csproj", "{49E95B83-C7AD-412E-895F-DFFFD1D125B1}"
EndProject
Project("{9A19103F-16F7-4668-BE54-9A1E7A4F7556}") = "DAL", "DAL\DAL.csproj", "{CF9BF97B-D8B4-4F61-926E-83903502BABC}"
EndProject
Global
	GlobalSection(SolutionConfigurationPlatforms) = preSolution
		Debug|Any CPU = Debug|Any CPU
		Release|Any CPU = Release|Any CPU
	EndGlobalSection
	GlobalSection(ProjectConfigurationPlatforms) = postSolution
		{49E95B83-C7AD-412E-895F-DFFFD1D125B1}.Debug|Any CPU.ActiveCfg = Debug|Any CPU
		{49E95B83-C7AD-412E-895F-DFFFD1D125B1}.Debug|Any CPU.Build.0 = Debug|Any CPU
		{49E95B83-C7AD-412E-895F-DFFFD1D125B1}.Release|Any CPU.ActiveCfg = Release|Any CPU
		{49E95B83-C7AD-412E-895F-DFFFD1D125B1}.Release|Any CPU.Build.0 = Release|Any CPU
		{CF9BF97B-D8B4-4F61-926E-83903502BABC}.Debug|Any CPU.ActiveCfg = Debug|Any CPU
		{CF9BF97B-D8B4-4F61-926E-83903502BABC}.Debug|Any CPU.Build.0 = Debug|Any CPU
		{CF9BF97B-D8B4-4F61-926E-83903502BABC}.Release|Any CPU.ActiveCfg = Release|Any CPU
		{CF9BF97B-D8B4-4F61-926E-83903502BABC}.Release|Any CPU.Build.0 = Release|Any CPU
	EndGlobalSection
	GlobalSection(SolutionProperties) = preSolution
		HideSolutionNode = FALSE
	EndGlobalSection
	GlobalSection(ExtensibilityGlobals) = postSolution
		SolutionGuid = {1BB3B207-00B9-4DAA-8B78-E183418B126D}
	EndGlobalSection
EndGlobal
